// !$*UTF8*$!
{
	archiveVersion = 1;
	classes = {
	};
	objectVersion = 55;
	objects = {

/* Begin PBXBuildFile section */
		2F36714128D1EADD009BFCC2 /* AppDelegate.swift in Sources */ = {isa = PBXBuildFile; fileRef = 2F36714028D1EADD009BFCC2 /* AppDelegate.swift */; };
		2F36714528D1EADD009BFCC2 /* ViewController.swift in Sources */ = {isa = PBXBuildFile; fileRef = 2F36714428D1EADD009BFCC2 /* ViewController.swift */; };
		2F36714828D1EADD009BFCC2 /* Main.storyboard in Resources */ = {isa = PBXBuildFile; fileRef = 2F36714628D1EADD009BFCC2 /* Main.storyboard */; };
		2F36714A28D1EADE009BFCC2 /* Assets.xcassets in Resources */ = {isa = PBXBuildFile; fileRef = 2F36714928D1EADE009BFCC2 /* Assets.xcassets */; };
		2F36714D28D1EADE009BFCC2 /* LaunchScreen.storyboard in Resources */ = {isa = PBXBuildFile; fileRef = 2F36714B28D1EADE009BFCC2 /* LaunchScreen.storyboard */; };
		2F36715828D1EADE009BFCC2 /* TrieTests.swift in Sources */ = {isa = PBXBuildFile; fileRef = 2F36715728D1EADE009BFCC2 /* TrieTests.swift */; };
		2F36717528D1EDBB009BFCC2 /* CityListViewController.swift in Sources */ = {isa = PBXBuildFile; fileRef = 2F36717428D1EDBB009BFCC2 /* CityListViewController.swift */; };
		2F36718128D1F425009BFCC2 /* CityTableViewCell.swift in Sources */ = {isa = PBXBuildFile; fileRef = 2F36718028D1F425009BFCC2 /* CityTableViewCell.swift */; };
		2F36718528D1F5CF009BFCC2 /* URLRequest.swift in Sources */ = {isa = PBXBuildFile; fileRef = 2F36718428D1F5CF009BFCC2 /* URLRequest.swift */; };
		2F36718728D1F703009BFCC2 /* CityModel.swift in Sources */ = {isa = PBXBuildFile; fileRef = 2F36718628D1F703009BFCC2 /* CityModel.swift */; };
		2F36718928D1FEDA009BFCC2 /* CityService.swift in Sources */ = {isa = PBXBuildFile; fileRef = 2F36718828D1FEDA009BFCC2 /* CityService.swift */; };
		2F36718B28D20120009BFCC2 /* Array.swift in Sources */ = {isa = PBXBuildFile; fileRef = 2F36718A28D20120009BFCC2 /* Array.swift */; };
		2F36718D28D2054D009BFCC2 /* CityViewModel.swift in Sources */ = {isa = PBXBuildFile; fileRef = 2F36718C28D2054D009BFCC2 /* CityViewModel.swift */; };
		2F36719528D25129009BFCC2 /* TrieNode.swift in Sources */ = {isa = PBXBuildFile; fileRef = 2F36719428D25129009BFCC2 /* TrieNode.swift */; };
		2F36719728D252BF009BFCC2 /* Trie.swift in Sources */ = {isa = PBXBuildFile; fileRef = 2F36719628D252BF009BFCC2 /* Trie.swift */; };
		2F3671A128D3947A009BFCC2 /* Constant.swift in Sources */ = {isa = PBXBuildFile; fileRef = 2F3671A028D3947A009BFCC2 /* Constant.swift */; };
		2F3671A328D39FD5009BFCC2 /* Reachability.swift in Sources */ = {isa = PBXBuildFile; fileRef = 2F3671A228D39FD5009BFCC2 /* Reachability.swift */; };
		2F3671A628D46C5C009BFCC2 /* AppCoordinator.swift in Sources */ = {isa = PBXBuildFile; fileRef = 2F3671A528D46C5C009BFCC2 /* AppCoordinator.swift */; };
		2F3671A928D4707F009BFCC2 /* Coordinator.swift in Sources */ = {isa = PBXBuildFile; fileRef = 2F3671A828D4707F009BFCC2 /* Coordinator.swift */; };
		2F3671AB28D47133009BFCC2 /* BaseCoordinator.swift in Sources */ = {isa = PBXBuildFile; fileRef = 2F3671AA28D47133009BFCC2 /* BaseCoordinator.swift */; };
		2F3671AD28D471CB009BFCC2 /* CityLocationCoordinator.swift in Sources */ = {isa = PBXBuildFile; fileRef = 2F3671AC28D471CB009BFCC2 /* CityLocationCoordinator.swift */; };
		2F3671B428D47576009BFCC2 /* CityLocationViewController.swift in Sources */ = {isa = PBXBuildFile; fileRef = 2F3671B328D47576009BFCC2 /* CityLocationViewController.swift */; };
		2F3671B628D4770E009BFCC2 /* CityLocationViewModel.swift in Sources */ = {isa = PBXBuildFile; fileRef = 2F3671B528D4770E009BFCC2 /* CityLocationViewModel.swift */; };
		2F3D6BCF28DB3690005A27F1 /* SnapKit in Frameworks */ = {isa = PBXBuildFile; productRef = 2F3D6BCE28DB3690005A27F1 /* SnapKit */; };
		2F7D39CA28DF2891000AA028 /* DataMockup.swift in Sources */ = {isa = PBXBuildFile; fileRef = 2F7D39C928DF2891000AA028 /* DataMockup.swift */; };
		2F7D39CC28DF28B3000AA028 /* CityViewModelTests.swift in Sources */ = {isa = PBXBuildFile; fileRef = 2F7D39CB28DF28B3000AA028 /* CityViewModelTests.swift */; };
		2F7D39CE28DF28E9000AA028 /* CityListSpy.swift in Sources */ = {isa = PBXBuildFile; fileRef = 2F7D39CD28DF28E9000AA028 /* CityListSpy.swift */; };
		2F7D39D028DF2A69000AA028 /* CityListViewControllerTests.swift in Sources */ = {isa = PBXBuildFile; fileRef = 2F7D39CF28DF2A69000AA028 /* CityListViewControllerTests.swift */; };
		2F7D39DD28DF3073000AA028 /* RxCocoa in Frameworks */ = {isa = PBXBuildFile; productRef = 2F7D39DC28DF3073000AA028 /* RxCocoa */; };
		2F7D39DF28DF3073000AA028 /* RxSwift in Frameworks */ = {isa = PBXBuildFile; productRef = 2F7D39DE28DF3073000AA028 /* RxSwift */; };
/* End PBXBuildFile section */

/* Begin PBXContainerItemProxy section */
		2F36715428D1EADE009BFCC2 /* PBXContainerItemProxy */ = {
			isa = PBXContainerItemProxy;
			containerPortal = 2F36713528D1EADD009BFCC2 /* Project object */;
			proxyType = 1;
			remoteGlobalIDString = 2F36713C28D1EADD009BFCC2;
			remoteInfo = Cities;
		};
/* End PBXContainerItemProxy section */

/* Begin PBXFileReference section */
		2F36713D28D1EADD009BFCC2 /* Cities.app */ = {isa = PBXFileReference; explicitFileType = wrapper.application; includeInIndex = 0; path = Cities.app; sourceTree = BUILT_PRODUCTS_DIR; };
		2F36714028D1EADD009BFCC2 /* AppDelegate.swift */ = {isa = PBXFileReference; lastKnownFileType = sourcecode.swift; path = AppDelegate.swift; sourceTree = "<group>"; };
		2F36714428D1EADD009BFCC2 /* ViewController.swift */ = {isa = PBXFileReference; lastKnownFileType = sourcecode.swift; path = ViewController.swift; sourceTree = "<group>"; };
		2F36714728D1EADD009BFCC2 /* Base */ = {isa = PBXFileReference; lastKnownFileType = file.storyboard; name = Base; path = Base.lproj/Main.storyboard; sourceTree = "<group>"; };
		2F36714928D1EADE009BFCC2 /* Assets.xcassets */ = {isa = PBXFileReference; lastKnownFileType = folder.assetcatalog; path = Assets.xcassets; sourceTree = "<group>"; };
		2F36714C28D1EADE009BFCC2 /* Base */ = {isa = PBXFileReference; lastKnownFileType = file.storyboard; name = Base; path = Base.lproj/LaunchScreen.storyboard; sourceTree = "<group>"; };
		2F36714E28D1EADE009BFCC2 /* Info.plist */ = {isa = PBXFileReference; lastKnownFileType = text.plist.xml; path = Info.plist; sourceTree = "<group>"; };
		2F36715328D1EADE009BFCC2 /* CitiesTests.xctest */ = {isa = PBXFileReference; explicitFileType = wrapper.cfbundle; includeInIndex = 0; path = CitiesTests.xctest; sourceTree = BUILT_PRODUCTS_DIR; };
		2F36715728D1EADE009BFCC2 /* TrieTests.swift */ = {isa = PBXFileReference; lastKnownFileType = sourcecode.swift; path = TrieTests.swift; sourceTree = "<group>"; };
		2F36717428D1EDBB009BFCC2 /* CityListViewController.swift */ = {isa = PBXFileReference; lastKnownFileType = sourcecode.swift; path = CityListViewController.swift; sourceTree = "<group>"; };
		2F36718028D1F425009BFCC2 /* CityTableViewCell.swift */ = {isa = PBXFileReference; lastKnownFileType = sourcecode.swift; path = CityTableViewCell.swift; sourceTree = "<group>"; };
		2F36718428D1F5CF009BFCC2 /* URLRequest.swift */ = {isa = PBXFileReference; lastKnownFileType = sourcecode.swift; path = URLRequest.swift; sourceTree = "<group>"; };
		2F36718628D1F703009BFCC2 /* CityModel.swift */ = {isa = PBXFileReference; lastKnownFileType = sourcecode.swift; path = CityModel.swift; sourceTree = "<group>"; };
		2F36718828D1FEDA009BFCC2 /* CityService.swift */ = {isa = PBXFileReference; lastKnownFileType = sourcecode.swift; path = CityService.swift; sourceTree = "<group>"; };
		2F36718A28D20120009BFCC2 /* Array.swift */ = {isa = PBXFileReference; lastKnownFileType = sourcecode.swift; path = Array.swift; sourceTree = "<group>"; };
		2F36718C28D2054D009BFCC2 /* CityViewModel.swift */ = {isa = PBXFileReference; lastKnownFileType = sourcecode.swift; path = CityViewModel.swift; sourceTree = "<group>"; };
		2F36719428D25129009BFCC2 /* TrieNode.swift */ = {isa = PBXFileReference; lastKnownFileType = sourcecode.swift; path = TrieNode.swift; sourceTree = "<group>"; };
		2F36719628D252BF009BFCC2 /* Trie.swift */ = {isa = PBXFileReference; lastKnownFileType = sourcecode.swift; path = Trie.swift; sourceTree = "<group>"; };
		2F3671A028D3947A009BFCC2 /* Constant.swift */ = {isa = PBXFileReference; lastKnownFileType = sourcecode.swift; path = Constant.swift; sourceTree = "<group>"; };
		2F3671A228D39FD5009BFCC2 /* Reachability.swift */ = {isa = PBXFileReference; lastKnownFileType = sourcecode.swift; path = Reachability.swift; sourceTree = "<group>"; };
		2F3671A528D46C5C009BFCC2 /* AppCoordinator.swift */ = {isa = PBXFileReference; lastKnownFileType = sourcecode.swift; path = AppCoordinator.swift; sourceTree = "<group>"; };
		2F3671A828D4707F009BFCC2 /* Coordinator.swift */ = {isa = PBXFileReference; lastKnownFileType = sourcecode.swift; path = Coordinator.swift; sourceTree = "<group>"; };
		2F3671AA28D47133009BFCC2 /* BaseCoordinator.swift */ = {isa = PBXFileReference; lastKnownFileType = sourcecode.swift; path = BaseCoordinator.swift; sourceTree = "<group>"; };
		2F3671AC28D471CB009BFCC2 /* CityLocationCoordinator.swift */ = {isa = PBXFileReference; lastKnownFileType = sourcecode.swift; path = CityLocationCoordinator.swift; sourceTree = "<group>"; };
		2F3671B328D47576009BFCC2 /* CityLocationViewController.swift */ = {isa = PBXFileReference; lastKnownFileType = sourcecode.swift; path = CityLocationViewController.swift; sourceTree = "<group>"; };
		2F3671B528D4770E009BFCC2 /* CityLocationViewModel.swift */ = {isa = PBXFileReference; lastKnownFileType = sourcecode.swift; path = CityLocationViewModel.swift; sourceTree = "<group>"; };
		2F7D39C928DF2891000AA028 /* DataMockup.swift */ = {isa = PBXFileReference; lastKnownFileType = sourcecode.swift; path = DataMockup.swift; sourceTree = "<group>"; };
		2F7D39CB28DF28B3000AA028 /* CityViewModelTests.swift */ = {isa = PBXFileReference; lastKnownFileType = sourcecode.swift; path = CityViewModelTests.swift; sourceTree = "<group>"; };
		2F7D39CD28DF28E9000AA028 /* CityListSpy.swift */ = {isa = PBXFileReference; lastKnownFileType = sourcecode.swift; path = CityListSpy.swift; sourceTree = "<group>"; };
		2F7D39CF28DF2A69000AA028 /* CityListViewControllerTests.swift */ = {isa = PBXFileReference; lastKnownFileType = sourcecode.swift; path = CityListViewControllerTests.swift; sourceTree = "<group>"; };
/* End PBXFileReference section */

/* Begin PBXFrameworksBuildPhase section */
		2F36713A28D1EADD009BFCC2 /* Frameworks */ = {
			isa = PBXFrameworksBuildPhase;
			buildActionMask = 2147483647;
			files = (
				2F7D39DF28DF3073000AA028 /* RxSwift in Frameworks */,
				2F7D39DD28DF3073000AA028 /* RxCocoa in Frameworks */,
				2F3D6BCF28DB3690005A27F1 /* SnapKit in Frameworks */,
			);
			runOnlyForDeploymentPostprocessing = 0;
		};
		2F36715028D1EADE009BFCC2 /* Frameworks */ = {
			isa = PBXFrameworksBuildPhase;
			buildActionMask = 2147483647;
			files = (
			);
			runOnlyForDeploymentPostprocessing = 0;
		};
/* End PBXFrameworksBuildPhase section */

/* Begin PBXGroup section */
		2F36713428D1EADD009BFCC2 = {
			isa = PBXGroup;
			children = (
				2F36713F28D1EADD009BFCC2 /* Cities */,
				2F36715628D1EADE009BFCC2 /* CitiesTests */,
				2F36713E28D1EADD009BFCC2 /* Products */,
			);
			sourceTree = "<group>";
		};
		2F36713E28D1EADD009BFCC2 /* Products */ = {
			isa = PBXGroup;
			children = (
				2F36713D28D1EADD009BFCC2 /* Cities.app */,
				2F36715328D1EADE009BFCC2 /* CitiesTests.xctest */,
			);
			name = Products;
			sourceTree = "<group>";
		};
		2F36713F28D1EADD009BFCC2 /* Cities */ = {
			isa = PBXGroup;
			children = (
				2F3671AE28D47508009BFCC2 /* Scenes */,
				2F3671A728D4705C009BFCC2 /* Coordinator */,
				2F36719328D250FC009BFCC2 /* Helpers */,
				2F36718328D1F5C3009BFCC2 /* Extensions */,
				2F36718228D1F58E009BFCC2 /* Services */,
				2F36714028D1EADD009BFCC2 /* AppDelegate.swift */,
				2F36714428D1EADD009BFCC2 /* ViewController.swift */,
				2F36714628D1EADD009BFCC2 /* Main.storyboard */,
				2F36714928D1EADE009BFCC2 /* Assets.xcassets */,
				2F36714B28D1EADE009BFCC2 /* LaunchScreen.storyboard */,
				2F36714E28D1EADE009BFCC2 /* Info.plist */,
			);
			path = Cities;
			sourceTree = "<group>";
		};
		2F36715628D1EADE009BFCC2 /* CitiesTests */ = {
			isa = PBXGroup;
			children = (
				2F7D39C828DF2883000AA028 /* Helpers */,
				2F36715728D1EADE009BFCC2 /* TrieTests.swift */,
				2F7D39CB28DF28B3000AA028 /* CityViewModelTests.swift */,
				2F7D39CF28DF2A69000AA028 /* CityListViewControllerTests.swift */,
			);
			path = CitiesTests;
			sourceTree = "<group>";
		};
		2F36717028D1EAE5009BFCC2 /* CityList */ = {
			isa = PBXGroup;
			children = (
				2F36717328D1EB06009BFCC2 /* Model */,
				2F36717228D1EAFF009BFCC2 /* ViewModel */,
				2F36717128D1EAF6009BFCC2 /* View */,
			);
			path = CityList;
			sourceTree = "<group>";
		};
		2F36717128D1EAF6009BFCC2 /* View */ = {
			isa = PBXGroup;
			children = (
				2F36717F28D1F40B009BFCC2 /* Cells */,
				2F36717428D1EDBB009BFCC2 /* CityListViewController.swift */,
			);
			path = View;
			sourceTree = "<group>";
		};
		2F36717228D1EAFF009BFCC2 /* ViewModel */ = {
			isa = PBXGroup;
			children = (
				2F36718C28D2054D009BFCC2 /* CityViewModel.swift */,
			);
			path = ViewModel;
			sourceTree = "<group>";
		};
		2F36717328D1EB06009BFCC2 /* Model */ = {
			isa = PBXGroup;
			children = (
				2F36718628D1F703009BFCC2 /* CityModel.swift */,
			);
			path = Model;
			sourceTree = "<group>";
		};
		2F36717F28D1F40B009BFCC2 /* Cells */ = {
			isa = PBXGroup;
			children = (
				2F36718028D1F425009BFCC2 /* CityTableViewCell.swift */,
			);
			path = Cells;
			sourceTree = "<group>";
		};
		2F36718228D1F58E009BFCC2 /* Services */ = {
			isa = PBXGroup;
			children = (
				2F36718828D1FEDA009BFCC2 /* CityService.swift */,
			);
			path = Services;
			sourceTree = "<group>";
		};
		2F36718328D1F5C3009BFCC2 /* Extensions */ = {
			isa = PBXGroup;
			children = (
				2F36718428D1F5CF009BFCC2 /* URLRequest.swift */,
				2F36718A28D20120009BFCC2 /* Array.swift */,
			);
			path = Extensions;
			sourceTree = "<group>";
		};
		2F36719328D250FC009BFCC2 /* Helpers */ = {
			isa = PBXGroup;
			children = (
				2F36719428D25129009BFCC2 /* TrieNode.swift */,
				2F36719628D252BF009BFCC2 /* Trie.swift */,
				2F3671A028D3947A009BFCC2 /* Constant.swift */,
				2F3671A228D39FD5009BFCC2 /* Reachability.swift */,
			);
			path = Helpers;
			sourceTree = "<group>";
		};
		2F3671A728D4705C009BFCC2 /* Coordinator */ = {
			isa = PBXGroup;
			children = (
				2F3671A528D46C5C009BFCC2 /* AppCoordinator.swift */,
				2F3671A828D4707F009BFCC2 /* Coordinator.swift */,
				2F3671AA28D47133009BFCC2 /* BaseCoordinator.swift */,
				2F3671AC28D471CB009BFCC2 /* CityLocationCoordinator.swift */,
			);
			path = Coordinator;
			sourceTree = "<group>";
		};
		2F3671AE28D47508009BFCC2 /* Scenes */ = {
			isa = PBXGroup;
			children = (
				2F3671AF28D47536009BFCC2 /* CityLocation */,
				2F36717028D1EAE5009BFCC2 /* CityList */,
			);
			path = Scenes;
			sourceTree = "<group>";
		};
		2F3671AF28D47536009BFCC2 /* CityLocation */ = {
			isa = PBXGroup;
			children = (
				2F3671B228D47552009BFCC2 /* View */,
				2F3671B128D4754C009BFCC2 /* ViewModel */,
				2F3671B028D47545009BFCC2 /* Model */,
			);
			path = CityLocation;
			sourceTree = "<group>";
		};
		2F3671B028D47545009BFCC2 /* Model */ = {
			isa = PBXGroup;
			children = (
			);
			path = Model;
			sourceTree = "<group>";
		};
		2F3671B128D4754C009BFCC2 /* ViewModel */ = {
			isa = PBXGroup;
			children = (
				2F3671B528D4770E009BFCC2 /* CityLocationViewModel.swift */,
			);
			path = ViewModel;
			sourceTree = "<group>";
		};
		2F3671B228D47552009BFCC2 /* View */ = {
			isa = PBXGroup;
			children = (
				2F3671B328D47576009BFCC2 /* CityLocationViewController.swift */,
			);
			path = View;
			sourceTree = "<group>";
		};
		2F7D39C828DF2883000AA028 /* Helpers */ = {
			isa = PBXGroup;
			children = (
				2F7D39C928DF2891000AA028 /* DataMockup.swift */,
				2F7D39CD28DF28E9000AA028 /* CityListSpy.swift */,
			);
			path = Helpers;
			sourceTree = "<group>";
		};
/* End PBXGroup section */

/* Begin PBXNativeTarget section */
		2F36713C28D1EADD009BFCC2 /* Cities */ = {
			isa = PBXNativeTarget;
			buildConfigurationList = 2F36716728D1EADE009BFCC2 /* Build configuration list for PBXNativeTarget "Cities" */;
			buildPhases = (
				2F36713928D1EADD009BFCC2 /* Sources */,
				2F36713A28D1EADD009BFCC2 /* Frameworks */,
				2F36713B28D1EADD009BFCC2 /* Resources */,
			);
			buildRules = (
			);
			dependencies = (
			);
			name = Cities;
			packageProductDependencies = (
				2F3D6BCE28DB3690005A27F1 /* SnapKit */,
				2F7D39DC28DF3073000AA028 /* RxCocoa */,
				2F7D39DE28DF3073000AA028 /* RxSwift */,
			);
			productName = Cities;
			productReference = 2F36713D28D1EADD009BFCC2 /* Cities.app */;
			productType = "com.apple.product-type.application";
		};
		2F36715228D1EADE009BFCC2 /* CitiesTests */ = {
			isa = PBXNativeTarget;
			buildConfigurationList = 2F36716A28D1EADE009BFCC2 /* Build configuration list for PBXNativeTarget "CitiesTests" */;
			buildPhases = (
				2F36714F28D1EADE009BFCC2 /* Sources */,
				2F36715028D1EADE009BFCC2 /* Frameworks */,
				2F36715128D1EADE009BFCC2 /* Resources */,
			);
			buildRules = (
			);
			dependencies = (
				2F36715528D1EADE009BFCC2 /* PBXTargetDependency */,
			);
			name = CitiesTests;
			productName = CitiesTests;
			productReference = 2F36715328D1EADE009BFCC2 /* CitiesTests.xctest */;
			productType = "com.apple.product-type.bundle.unit-test";
		};
/* End PBXNativeTarget section */

/* Begin PBXProject section */
		2F36713528D1EADD009BFCC2 /* Project object */ = {
			isa = PBXProject;
			attributes = {
				BuildIndependentTargetsInParallel = 1;
				LastSwiftUpdateCheck = 1330;
				LastUpgradeCheck = 1330;
				TargetAttributes = {
					2F36713C28D1EADD009BFCC2 = {
						CreatedOnToolsVersion = 13.3.1;
					};
					2F36715228D1EADE009BFCC2 = {
						CreatedOnToolsVersion = 13.3.1;
						TestTargetID = 2F36713C28D1EADD009BFCC2;
					};
				};
			};
			buildConfigurationList = 2F36713828D1EADD009BFCC2 /* Build configuration list for PBXProject "Cities" */;
			compatibilityVersion = "Xcode 13.0";
			developmentRegion = en;
			hasScannedForEncodings = 0;
			knownRegions = (
				en,
				Base,
			);
			mainGroup = 2F36713428D1EADD009BFCC2;
			packageReferences = (
				2F3D6BCD28DB3690005A27F1 /* XCRemoteSwiftPackageReference "SnapKit" */,
				2F7D39DB28DF3073000AA028 /* XCRemoteSwiftPackageReference "RxSwift" */,
			);
			productRefGroup = 2F36713E28D1EADD009BFCC2 /* Products */;
			projectDirPath = "";
			projectRoot = "";
			targets = (
				2F36713C28D1EADD009BFCC2 /* Cities */,
				2F36715228D1EADE009BFCC2 /* CitiesTests */,
			);
		};
/* End PBXProject section */

/* Begin PBXResourcesBuildPhase section */
		2F36713B28D1EADD009BFCC2 /* Resources */ = {
			isa = PBXResourcesBuildPhase;
			buildActionMask = 2147483647;
			files = (
				2F36714D28D1EADE009BFCC2 /* LaunchScreen.storyboard in Resources */,
				2F36714A28D1EADE009BFCC2 /* Assets.xcassets in Resources */,
				2F36714828D1EADD009BFCC2 /* Main.storyboard in Resources */,
			);
			runOnlyForDeploymentPostprocessing = 0;
		};
		2F36715128D1EADE009BFCC2 /* Resources */ = {
			isa = PBXResourcesBuildPhase;
			buildActionMask = 2147483647;
			files = (
			);
			runOnlyForDeploymentPostprocessing = 0;
		};
/* End PBXResourcesBuildPhase section */

/* Begin PBXSourcesBuildPhase section */
		2F36713928D1EADD009BFCC2 /* Sources */ = {
			isa = PBXSourcesBuildPhase;
			buildActionMask = 2147483647;
			files = (
				2F36719728D252BF009BFCC2 /* Trie.swift in Sources */,
				2F36714528D1EADD009BFCC2 /* ViewController.swift in Sources */,
				2F3671B628D4770E009BFCC2 /* CityLocationViewModel.swift in Sources */,
				2F3671A928D4707F009BFCC2 /* Coordinator.swift in Sources */,
				2F36714128D1EADD009BFCC2 /* AppDelegate.swift in Sources */,
				2F3671B428D47576009BFCC2 /* CityLocationViewController.swift in Sources */,
				2F36718728D1F703009BFCC2 /* CityModel.swift in Sources */,
				2F36718128D1F425009BFCC2 /* CityTableViewCell.swift in Sources */,
				2F36717528D1EDBB009BFCC2 /* CityListViewController.swift in Sources */,
				2F36718B28D20120009BFCC2 /* Array.swift in Sources */,
				2F36718528D1F5CF009BFCC2 /* URLRequest.swift in Sources */,
				2F36719528D25129009BFCC2 /* TrieNode.swift in Sources */,
				2F3671AD28D471CB009BFCC2 /* CityLocationCoordinator.swift in Sources */,
				2F36718D28D2054D009BFCC2 /* CityViewModel.swift in Sources */,
				2F36718928D1FEDA009BFCC2 /* CityService.swift in Sources */,
				2F3671A128D3947A009BFCC2 /* Constant.swift in Sources */,
				2F3671A328D39FD5009BFCC2 /* Reachability.swift in Sources */,
				2F3671A628D46C5C009BFCC2 /* AppCoordinator.swift in Sources */,
				2F3671AB28D47133009BFCC2 /* BaseCoordinator.swift in Sources */,
			);
			runOnlyForDeploymentPostprocessing = 0;
		};
		2F36714F28D1EADE009BFCC2 /* Sources */ = {
			isa = PBXSourcesBuildPhase;
			buildActionMask = 2147483647;
			files = (
				2F7D39CA28DF2891000AA028 /* DataMockup.swift in Sources */,
				2F7D39CE28DF28E9000AA028 /* CityListSpy.swift in Sources */,
				2F36715828D1EADE009BFCC2 /* TrieTests.swift in Sources */,
				2F7D39D028DF2A69000AA028 /* CityListViewControllerTests.swift in Sources */,
				2F7D39CC28DF28B3000AA028 /* CityViewModelTests.swift in Sources */,
			);
			runOnlyForDeploymentPostprocessing = 0;
		};
/* End PBXSourcesBuildPhase section */

/* Begin PBXTargetDependency section */
		2F36715528D1EADE009BFCC2 /* PBXTargetDependency */ = {
			isa = PBXTargetDependency;
			target = 2F36713C28D1EADD009BFCC2 /* Cities */;
			targetProxy = 2F36715428D1EADE009BFCC2 /* PBXContainerItemProxy */;
		};
/* End PBXTargetDependency section */

/* Begin PBXVariantGroup section */
		2F36714628D1EADD009BFCC2 /* Main.storyboard */ = {
			isa = PBXVariantGroup;
			children = (
				2F36714728D1EADD009BFCC2 /* Base */,
			);
			name = Main.storyboard;
			sourceTree = "<group>";
		};
		2F36714B28D1EADE009BFCC2 /* LaunchScreen.storyboard */ = {
			isa = PBXVariantGroup;
			children = (
				2F36714C28D1EADE009BFCC2 /* Base */,
			);
			name = LaunchScreen.storyboard;
			sourceTree = "<group>";
		};
/* End PBXVariantGroup section */

/* Begin XCBuildConfiguration section */
		2F36716528D1EADE009BFCC2 /* Debug */ = {
			isa = XCBuildConfiguration;
			buildSettings = {
				ALWAYS_SEARCH_USER_PATHS = NO;
				CLANG_ANALYZER_NONNULL = YES;
				CLANG_ANALYZER_NUMBER_OBJECT_CONVERSION = YES_AGGRESSIVE;
				CLANG_CXX_LANGUAGE_STANDARD = "gnu++17";
				CLANG_ENABLE_MODULES = YES;
				CLANG_ENABLE_OBJC_ARC = YES;
				CLANG_ENABLE_OBJC_WEAK = YES;
				CLANG_WARN_BLOCK_CAPTURE_AUTORELEASING = YES;
				CLANG_WARN_BOOL_CONVERSION = YES;
				CLANG_WARN_COMMA = YES;
				CLANG_WARN_CONSTANT_CONVERSION = YES;
				CLANG_WARN_DEPRECATED_OBJC_IMPLEMENTATIONS = YES;
				CLANG_WARN_DIRECT_OBJC_ISA_USAGE = YES_ERROR;
				CLANG_WARN_DOCUMENTATION_COMMENTS = YES;
				CLANG_WARN_EMPTY_BODY = YES;
				CLANG_WARN_ENUM_CONVERSION = YES;
				CLANG_WARN_INFINITE_RECURSION = YES;
				CLANG_WARN_INT_CONVERSION = YES;
				CLANG_WARN_NON_LITERAL_NULL_CONVERSION = YES;
				CLANG_WARN_OBJC_IMPLICIT_RETAIN_SELF = YES;
				CLANG_WARN_OBJC_LITERAL_CONVERSION = YES;
				CLANG_WARN_OBJC_ROOT_CLASS = YES_ERROR;
				CLANG_WARN_QUOTED_INCLUDE_IN_FRAMEWORK_HEADER = YES;
				CLANG_WARN_RANGE_LOOP_ANALYSIS = YES;
				CLANG_WARN_STRICT_PROTOTYPES = YES;
				CLANG_WARN_SUSPICIOUS_MOVE = YES;
				CLANG_WARN_UNGUARDED_AVAILABILITY = YES_AGGRESSIVE;
				CLANG_WARN_UNREACHABLE_CODE = YES;
				CLANG_WARN__DUPLICATE_METHOD_MATCH = YES;
				COPY_PHASE_STRIP = NO;
				DEBUG_INFORMATION_FORMAT = dwarf;
				ENABLE_STRICT_OBJC_MSGSEND = YES;
				ENABLE_TESTABILITY = YES;
				GCC_C_LANGUAGE_STANDARD = gnu11;
				GCC_DYNAMIC_NO_PIC = NO;
				GCC_NO_COMMON_BLOCKS = YES;
				GCC_OPTIMIZATION_LEVEL = 0;
				GCC_PREPROCESSOR_DEFINITIONS = (
					"DEBUG=1",
					"$(inherited)",
				);
				GCC_WARN_64_TO_32_BIT_CONVERSION = YES;
				GCC_WARN_ABOUT_RETURN_TYPE = YES_ERROR;
				GCC_WARN_UNDECLARED_SELECTOR = YES;
				GCC_WARN_UNINITIALIZED_AUTOS = YES_AGGRESSIVE;
				GCC_WARN_UNUSED_FUNCTION = YES;
				GCC_WARN_UNUSED_VARIABLE = YES;
				IPHONEOS_DEPLOYMENT_TARGET = 15.4;
				MTL_ENABLE_DEBUG_INFO = INCLUDE_SOURCE;
				MTL_FAST_MATH = YES;
				ONLY_ACTIVE_ARCH = YES;
				SDKROOT = iphoneos;
				SWIFT_ACTIVE_COMPILATION_CONDITIONS = DEBUG;
				SWIFT_OPTIMIZATION_LEVEL = "-Onone";
			};
			name = Debug;
		};
		2F36716628D1EADE009BFCC2 /* Release */ = {
			isa = XCBuildConfiguration;
			buildSettings = {
				ALWAYS_SEARCH_USER_PATHS = NO;
				CLANG_ANALYZER_NONNULL = YES;
				CLANG_ANALYZER_NUMBER_OBJECT_CONVERSION = YES_AGGRESSIVE;
				CLANG_CXX_LANGUAGE_STANDARD = "gnu++17";
				CLANG_ENABLE_MODULES = YES;
				CLANG_ENABLE_OBJC_ARC = YES;
				CLANG_ENABLE_OBJC_WEAK = YES;
				CLANG_WARN_BLOCK_CAPTURE_AUTORELEASING = YES;
				CLANG_WARN_BOOL_CONVERSION = YES;
				CLANG_WARN_COMMA = YES;
				CLANG_WARN_CONSTANT_CONVERSION = YES;
				CLANG_WARN_DEPRECATED_OBJC_IMPLEMENTATIONS = YES;
				CLANG_WARN_DIRECT_OBJC_ISA_USAGE = YES_ERROR;
				CLANG_WARN_DOCUMENTATION_COMMENTS = YES;
				CLANG_WARN_EMPTY_BODY = YES;
				CLANG_WARN_ENUM_CONVERSION = YES;
				CLANG_WARN_INFINITE_RECURSION = YES;
				CLANG_WARN_INT_CONVERSION = YES;
				CLANG_WARN_NON_LITERAL_NULL_CONVERSION = YES;
				CLANG_WARN_OBJC_IMPLICIT_RETAIN_SELF = YES;
				CLANG_WARN_OBJC_LITERAL_CONVERSION = YES;
				CLANG_WARN_OBJC_ROOT_CLASS = YES_ERROR;
				CLANG_WARN_QUOTED_INCLUDE_IN_FRAMEWORK_HEADER = YES;
				CLANG_WARN_RANGE_LOOP_ANALYSIS = YES;
				CLANG_WARN_STRICT_PROTOTYPES = YES;
				CLANG_WARN_SUSPICIOUS_MOVE = YES;
				CLANG_WARN_UNGUARDED_AVAILABILITY = YES_AGGRESSIVE;
				CLANG_WARN_UNREACHABLE_CODE = YES;
				CLANG_WARN__DUPLICATE_METHOD_MATCH = YES;
				COPY_PHASE_STRIP = NO;
				DEBUG_INFORMATION_FORMAT = "dwarf-with-dsym";
				ENABLE_NS_ASSERTIONS = NO;
				ENABLE_STRICT_OBJC_MSGSEND = YES;
				GCC_C_LANGUAGE_STANDARD = gnu11;
				GCC_NO_COMMON_BLOCKS = YES;
				GCC_WARN_64_TO_32_BIT_CONVERSION = YES;
				GCC_WARN_ABOUT_RETURN_TYPE = YES_ERROR;
				GCC_WARN_UNDECLARED_SELECTOR = YES;
				GCC_WARN_UNINITIALIZED_AUTOS = YES_AGGRESSIVE;
				GCC_WARN_UNUSED_FUNCTION = YES;
				GCC_WARN_UNUSED_VARIABLE = YES;
				IPHONEOS_DEPLOYMENT_TARGET = 15.4;
				MTL_ENABLE_DEBUG_INFO = NO;
				MTL_FAST_MATH = YES;
				SDKROOT = iphoneos;
				SWIFT_COMPILATION_MODE = wholemodule;
				SWIFT_OPTIMIZATION_LEVEL = "-O";
				VALIDATE_PRODUCT = YES;
			};
			name = Release;
		};
		2F36716828D1EADE009BFCC2 /* Debug */ = {
			isa = XCBuildConfiguration;
			buildSettings = {
				ASSETCATALOG_COMPILER_APPICON_NAME = AppIcon;
				ASSETCATALOG_COMPILER_GLOBAL_ACCENT_COLOR_NAME = AccentColor;
				CODE_SIGN_STYLE = Automatic;
				CURRENT_PROJECT_VERSION = 1;
				GENERATE_INFOPLIST_FILE = YES;
				INFOPLIST_FILE = Cities/Info.plist;
				INFOPLIST_KEY_UIApplicationSupportsIndirectInputEvents = YES;
				INFOPLIST_KEY_UILaunchStoryboardName = LaunchScreen;
				INFOPLIST_KEY_UIMainStoryboardFile = Main;
				INFOPLIST_KEY_UISupportedInterfaceOrientations_iPad = "UIInterfaceOrientationPortrait UIInterfaceOrientationPortraitUpsideDown UIInterfaceOrientationLandscapeLeft UIInterfaceOrientationLandscapeRight";
				INFOPLIST_KEY_UISupportedInterfaceOrientations_iPhone = "UIInterfaceOrientationPortrait UIInterfaceOrientationLandscapeLeft UIInterfaceOrientationLandscapeRight";
				LD_RUNPATH_SEARCH_PATHS = (
					"$(inherited)",
					"@executable_path/Frameworks",
				);
				MARKETING_VERSION = 1.0;
				PRODUCT_BUNDLE_IDENTIFIER = com.hoangcuulong.Cities;
				PRODUCT_NAME = "$(TARGET_NAME)";
				SWIFT_EMIT_LOC_STRINGS = YES;
				SWIFT_VERSION = 5.0;
				TARGETED_DEVICE_FAMILY = "1,2";
			};
			name = Debug;
		};
		2F36716928D1EADE009BFCC2 /* Release */ = {
			isa = XCBuildConfiguration;
			buildSettings = {
				ASSETCATALOG_COMPILER_APPICON_NAME = AppIcon;
				ASSETCATALOG_COMPILER_GLOBAL_ACCENT_COLOR_NAME = AccentColor;
				CODE_SIGN_STYLE = Automatic;
				CURRENT_PROJECT_VERSION = 1;
				GENERATE_INFOPLIST_FILE = YES;
				INFOPLIST_FILE = Cities/Info.plist;
				INFOPLIST_KEY_UIApplicationSupportsIndirectInputEvents = YES;
				INFOPLIST_KEY_UILaunchStoryboardName = LaunchScreen;
				INFOPLIST_KEY_UIMainStoryboardFile = Main;
				INFOPLIST_KEY_UISupportedInterfaceOrientations_iPad = "UIInterfaceOrientationPortrait UIInterfaceOrientationPortraitUpsideDown UIInterfaceOrientationLandscapeLeft UIInterfaceOrientationLandscapeRight";
				INFOPLIST_KEY_UISupportedInterfaceOrientations_iPhone = "UIInterfaceOrientationPortrait UIInterfaceOrientationLandscapeLeft UIInterfaceOrientationLandscapeRight";
				LD_RUNPATH_SEARCH_PATHS = (
					"$(inherited)",
					"@executable_path/Frameworks",
				);
				MARKETING_VERSION = 1.0;
				PRODUCT_BUNDLE_IDENTIFIER = com.hoangcuulong.Cities;
				PRODUCT_NAME = "$(TARGET_NAME)";
				SWIFT_EMIT_LOC_STRINGS = YES;
				SWIFT_VERSION = 5.0;
				TARGETED_DEVICE_FAMILY = "1,2";
			};
			name = Release;
		};
		2F36716B28D1EADE009BFCC2 /* Debug */ = {
			isa = XCBuildConfiguration;
			buildSettings = {
				ALWAYS_EMBED_SWIFT_STANDARD_LIBRARIES = YES;
				BUNDLE_LOADER = "$(TEST_HOST)";
				CODE_SIGN_STYLE = Automatic;
				CURRENT_PROJECT_VERSION = 1;
				GENERATE_INFOPLIST_FILE = YES;
				IPHONEOS_DEPLOYMENT_TARGET = 15.4;
				MARKETING_VERSION = 1.0;
				PRODUCT_BUNDLE_IDENTIFIER = com.hoangcuulong.CitiesTests;
				PRODUCT_NAME = "$(TARGET_NAME)";
				SWIFT_EMIT_LOC_STRINGS = NO;
				SWIFT_VERSION = 5.0;
				TARGETED_DEVICE_FAMILY = "1,2";
				TEST_HOST = "$(BUILT_PRODUCTS_DIR)/Cities.app/Cities";
			};
			name = Debug;
		};
		2F36716C28D1EADE009BFCC2 /* Release */ = {
			isa = XCBuildConfiguration;
			buildSettings = {
				ALWAYS_EMBED_SWIFT_STANDARD_LIBRARIES = YES;
				BUNDLE_LOADER = "$(TEST_HOST)";
				CODE_SIGN_STYLE = Automatic;
				CURRENT_PROJECT_VERSION = 1;
				GENERATE_INFOPLIST_FILE = YES;
				IPHONEOS_DEPLOYMENT_TARGET = 15.4;
				MARKETING_VERSION = 1.0;
				PRODUCT_BUNDLE_IDENTIFIER = com.hoangcuulong.CitiesTests;
				PRODUCT_NAME = "$(TARGET_NAME)";
				SWIFT_EMIT_LOC_STRINGS = NO;
				SWIFT_VERSION = 5.0;
				TARGETED_DEVICE_FAMILY = "1,2";
				TEST_HOST = "$(BUILT_PRODUCTS_DIR)/Cities.app/Cities";
			};
			name = Release;
		};
/* End XCBuildConfiguration section */

/* Begin XCConfigurationList section */
		2F36713828D1EADD009BFCC2 /* Build configuration list for PBXProject "Cities" */ = {
			isa = XCConfigurationList;
			buildConfigurations = (
				2F36716528D1EADE009BFCC2 /* Debug */,
				2F36716628D1EADE009BFCC2 /* Release */,
			);
			defaultConfigurationIsVisible = 0;
			defaultConfigurationName = Release;
		};
		2F36716728D1EADE009BFCC2 /* Build configuration list for PBXNativeTarget "Cities" */ = {
			isa = XCConfigurationList;
			buildConfigurations = (
				2F36716828D1EADE009BFCC2 /* Debug */,
				2F36716928D1EADE009BFCC2 /* Release */,
			);
			defaultConfigurationIsVisible = 0;
			defaultConfigurationName = Release;
		};
		2F36716A28D1EADE009BFCC2 /* Build configuration list for PBXNativeTarget "CitiesTests" */ = {
			isa = XCConfigurationList;
			buildConfigurations = (
				2F36716B28D1EADE009BFCC2 /* Debug */,
				2F36716C28D1EADE009BFCC2 /* Release */,
			);
			defaultConfigurationIsVisible = 0;
			defaultConfigurationName = Release;
		};
/* End XCConfigurationList section */

/* Begin XCRemoteSwiftPackageReference section */
		2F3D6BCD28DB3690005A27F1 /* XCRemoteSwiftPackageReference "SnapKit" */ = {
			isa = XCRemoteSwiftPackageReference;
			repositoryURL = "https://github.com/SnapKit/SnapKit";
			requirement = {
				branch = main;
				kind = branch;
			};
		};
		2F7D39DB28DF3073000AA028 /* XCRemoteSwiftPackageReference "RxSwift" */ = {
			isa = XCRemoteSwiftPackageReference;
			repositoryURL = "https://github.com/ReactiveX/RxSwift";
			requirement = {
				branch = main;
				kind = branch;
			};
		};
/* End XCRemoteSwiftPackageReference section */

/* Begin XCSwiftPackageProductDependency section */
		2F3D6BCE28DB3690005A27F1 /* SnapKit */ = {
			isa = XCSwiftPackageProductDependency;
			package = 2F3D6BCD28DB3690005A27F1 /* XCRemoteSwiftPackageReference "SnapKit" */;
			productName = SnapKit;
		};
		2F7D39DC28DF3073000AA028 /* RxCocoa */ = {
			isa = XCSwiftPackageProductDependency;
			package = 2F7D39DB28DF3073000AA028 /* XCRemoteSwiftPackageReference "RxSwift" */;
			productName = RxCocoa;
		};
		2F7D39DE28DF3073000AA028 /* RxSwift */ = {
			isa = XCSwiftPackageProductDependency;
			package = 2F7D39DB28DF3073000AA028 /* XCRemoteSwiftPackageReference "RxSwift" */;
			productName = RxSwift;
		};
/* End XCSwiftPackageProductDependency section */
	};
	rootObject = 2F36713528D1EADD009BFCC2 /* Project object */;
}
